
Microsoft Visual Studio Solution File, Format Version 12.00
Project("{FAE04EC0-301F-11D3-BF4B-00C04F79EFBC}") = "Hackathon.Web", "Hackathon.Web\Hackathon.Web.csproj", "{52E7CD8B-EDC4-40CE-BF2C-8B42F82E706D}"
EndProject
Global
	GlobalSection(SolutionConfigurationPlatforms) = preSolution
		Debug|Any CPU = Debug|Any CPU
		Release|Any CPU = Release|Any CPU
	EndGlobalSection
	GlobalSection(ProjectConfigurationPlatforms) = postSolution
		{52E7CD8B-EDC4-40CE-BF2C-8B42F82E706D}.Debug|Any CPU.ActiveCfg = Debug|Any CPU
		{52E7CD8B-EDC4-40CE-BF2C-8B42F82E706D}.Debug|Any CPU.Build.0 = Debug|Any CPU
		{52E7CD8B-EDC4-40CE-BF2C-8B42F82E706D}.Release|Any CPU.ActiveCfg = Release|Any CPU
		{52E7CD8B-EDC4-40CE-BF2C-8B42F82E706D}.Release|Any CPU.Build.0 = Release|Any CPU
	EndGlobalSection
EndGlobal
